
Microsoft Visual Studio Solution File, Format Version 12.00
# Visual Studio 14
VisualStudioVersion = 14.0.25420.1
MinimumVisualStudioVersion = 10.0.40219.1
Project("{FAE04EC0-301F-11D3-BF4B-00C04F79EFBC}") = "Supermarket.Model", "Supermarket.Model\Supermarket.Model.csproj", "{45BE4316-0EA4-4557-AFC2-BFBE09955EBB}"
EndProject
Project("{FAE04EC0-301F-11D3-BF4B-00C04F79EFBC}") = "Supermarket.Data", "Supermarket.Data\Supermarket.Data.csproj", "{C751B543-5962-4C6D-84FA-FBF10DB1892C}"
EndProject
Project("{FAE04EC0-301F-11D3-BF4B-00C04F79EFBC}") = "Supermarket.Service", "Supermarket.Service\Supermarket.Service.csproj", "{A9E92A3F-82E3-4493-A898-D26269BE333E}"
EndProject
Project("{FAE04EC0-301F-11D3-BF4B-00C04F79EFBC}") = "Supermarket.Service.Tests", "Supermarket.Service.Tests\Supermarket.Service.Tests.csproj", "{63D980BC-CD22-4B7F-8602-E8049297B62D}"
EndProject
Global
	GlobalSection(SolutionConfigurationPlatforms) = preSolution
		Debug|Any CPU = Debug|Any CPU
		Release|Any CPU = Release|Any CPU
	EndGlobalSection
	GlobalSection(ProjectConfigurationPlatforms) = postSolution
		{45BE4316-0EA4-4557-AFC2-BFBE09955EBB}.Debug|Any CPU.ActiveCfg = Debug|Any CPU
		{45BE4316-0EA4-4557-AFC2-BFBE09955EBB}.Debug|Any CPU.Build.0 = Debug|Any CPU
		{45BE4316-0EA4-4557-AFC2-BFBE09955EBB}.Release|Any CPU.ActiveCfg = Release|Any CPU
		{45BE4316-0EA4-4557-AFC2-BFBE09955EBB}.Release|Any CPU.Build.0 = Release|Any CPU
		{C751B543-5962-4C6D-84FA-FBF10DB1892C}.Debug|Any CPU.ActiveCfg = Debug|Any CPU
		{C751B543-5962-4C6D-84FA-FBF10DB1892C}.Debug|Any CPU.Build.0 = Debug|Any CPU
		{C751B543-5962-4C6D-84FA-FBF10DB1892C}.Release|Any CPU.ActiveCfg = Release|Any CPU
		{C751B543-5962-4C6D-84FA-FBF10DB1892C}.Release|Any CPU.Build.0 = Release|Any CPU
		{A9E92A3F-82E3-4493-A898-D26269BE333E}.Debug|Any CPU.ActiveCfg = Debug|Any CPU
		{A9E92A3F-82E3-4493-A898-D26269BE333E}.Debug|Any CPU.Build.0 = Debug|Any CPU
		{A9E92A3F-82E3-4493-A898-D26269BE333E}.Release|Any CPU.ActiveCfg = Release|Any CPU
		{A9E92A3F-82E3-4493-A898-D26269BE333E}.Release|Any CPU.Build.0 = Release|Any CPU
		{63D980BC-CD22-4B7F-8602-E8049297B62D}.Debug|Any CPU.ActiveCfg = Debug|Any CPU
		{63D980BC-CD22-4B7F-8602-E8049297B62D}.Debug|Any CPU.Build.0 = Debug|Any CPU
		{63D980BC-CD22-4B7F-8602-E8049297B62D}.Release|Any CPU.ActiveCfg = Release|Any CPU
		{63D980BC-CD22-4B7F-8602-E8049297B62D}.Release|Any CPU.Build.0 = Release|Any CPU
	EndGlobalSection
	GlobalSection(SolutionProperties) = preSolution
		HideSolutionNode = FALSE
	EndGlobalSection
EndGlobal
